{
  "name": "auroracode",
  "version": "1.0.0",
  "lockfileVersion": 1,
  "requires": true,
  "dependencies": {
    "escape-html": {
      "version": "1.0.3",
      "resolved": "https://registry.npmjs.org/escape-html/-/escape-html-1.0.3.tgz",
      "integrity": "sha1-Aljq5NPQwJdN4cFpGI7wBR0dGYg="
    },
    "holderjs": {
      "version": "2.9.4",
      "resolved": "https://registry.npmjs.org/holderjs/-/holderjs-2.9.4.tgz",
      "integrity": "sha1-oWXbwlMuv/l1SRMSJZ0MUgwFmJg=",
      "requires": {
        "shaven": "0.8.1"
      }
    },
    "shaven": {
      "version": "0.8.1",
      "resolved": "https://registry.npmjs.org/shaven/-/shaven-0.8.1.tgz",
      "integrity": "sha1-D0LU+zLEBINJ/57pwpb17/styq8=",
      "requires": {
        "escape-html": "1.0.3"
      }
    }
  }
}
